// !$*UTF8*$!
{
	archiveVersion = 1;
	classes = {
	};
	objectVersion = 46;
	objects = {

/* Begin PBXBuildFile section */
		134446788D9ABBDAB212652E /* Pods_InstaClone.framework in Frameworks */ = {isa = PBXBuildFile; fileRef = 8C62700FCD6F5829A58205A1 /* Pods_InstaClone.framework */; };
		46EBD60B1D18420D00361628 /* FBSDKCoreKit.framework in Frameworks */ = {isa = PBXBuildFile; fileRef = 46EBD6081D18420D00361628 /* FBSDKCoreKit.framework */; };
		46EBD60C1D18420D00361628 /* FBSDKLoginKit.framework in Frameworks */ = {isa = PBXBuildFile; fileRef = 46EBD6091D18420D00361628 /* FBSDKLoginKit.framework */; };
		46EBD60D1D18420D00361628 /* FBSDKShareKit.framework in Frameworks */ = {isa = PBXBuildFile; fileRef = 46EBD60A1D18420D00361628 /* FBSDKShareKit.framework */; };
		46EBD6391D1859B200361628 /* Login.storyboard in Resources */ = {isa = PBXBuildFile; fileRef = 46EBD6381D1859B200361628 /* Login.storyboard */; };
		46EBD63B1D1859D700361628 /* LoginViewController.swift in Sources */ = {isa = PBXBuildFile; fileRef = 46EBD63A1D1859D700361628 /* LoginViewController.swift */; };
		46EBD63F1D18894800361628 /* PhotoDisplay.storyboard in Resources */ = {isa = PBXBuildFile; fileRef = 46EBD63E1D18894800361628 /* PhotoDisplay.storyboard */; };
		46EBD6411D18895C00361628 /* PhotoDisplayViewController.swift in Sources */ = {isa = PBXBuildFile; fileRef = 46EBD6401D18895C00361628 /* PhotoDisplayViewController.swift */; };
		46EBD6431D18AE2B00361628 /* CreateAccountViewController.swift in Sources */ = {isa = PBXBuildFile; fileRef = 46EBD6421D18AE2B00361628 /* CreateAccountViewController.swift */; };
		46EBD6471D19943200361628 /* GoogleService-Info.plist in Resources */ = {isa = PBXBuildFile; fileRef = 46EBD6461D19943200361628 /* GoogleService-Info.plist */; };
		46EBD6491D19A17600361628 /* ProfileViewController.swift in Sources */ = {isa = PBXBuildFile; fileRef = 46EBD6481D19A17600361628 /* ProfileViewController.swift */; };
		5F0C00DE1D19FDA800784A03 /* CameraViewController.swift in Sources */ = {isa = PBXBuildFile; fileRef = 5F0C00DD1D19FDA800784A03 /* CameraViewController.swift */; };
		5F0C00E01D1A07D100784A03 /* FilterChoiceViewController.swift in Sources */ = {isa = PBXBuildFile; fileRef = 5F0C00DF1D1A07D000784A03 /* FilterChoiceViewController.swift */; };
		5F0C00E21D1A1DF300784A03 /* FiltersList.swift in Sources */ = {isa = PBXBuildFile; fileRef = 5F0C00E11D1A1DF300784A03 /* FiltersList.swift */; };
		5F0C00E41D1A24CD00784A03 /* FilterCollectionViewCell.swift in Sources */ = {isa = PBXBuildFile; fileRef = 5F0C00E31D1A24CD00784A03 /* FilterCollectionViewCell.swift */; };
		5F47A5BD1D1AF38B001EAFCA /* NewPostViewController.swift in Sources */ = {isa = PBXBuildFile; fileRef = 5F47A5BC1D1AF38B001EAFCA /* NewPostViewController.swift */; };
		5F635C121D1C6A6800C6A801 /* FilterChoice2ViewController.swift in Sources */ = {isa = PBXBuildFile; fileRef = 5F635C111D1C6A6800C6A801 /* FilterChoice2ViewController.swift */; };
		F9B48F8D1D19EF170031C5FC /* FeedViewController.swift in Sources */ = {isa = PBXBuildFile; fileRef = F967A4D31D179BF6003C5BAC /* FeedViewController.swift */; };
		F9B48F8E1D19EF170031C5FC /* FeedTableViewCell.swift in Sources */ = {isa = PBXBuildFile; fileRef = F97477541D184F8C001094DB /* FeedTableViewCell.swift */; };
		F9B48F921D19EF5D0031C5FC /* Post.swift in Sources */ = {isa = PBXBuildFile; fileRef = F9B48F881D18766C0031C5FC /* Post.swift */; };
		F9B48F951D1A09020031C5FC /* AccountViewController.swift in Sources */ = {isa = PBXBuildFile; fileRef = F9B48F941D1A09020031C5FC /* AccountViewController.swift */; };
		F9B48F971D1A23220031C5FC /* ProfileCollectionViewCell.swift in Sources */ = {isa = PBXBuildFile; fileRef = F9B48F961D1A23220031C5FC /* ProfileCollectionViewCell.swift */; };
		F9B48F991D1AD5090031C5FC /* User.swift in Sources */ = {isa = PBXBuildFile; fileRef = F9B48F981D1AD5090031C5FC /* User.swift */; };
		F9B48F9C1D1B877C0031C5FC /* SearchViewController.swift in Sources */ = {isa = PBXBuildFile; fileRef = F9B48F9B1D1B877C0031C5FC /* SearchViewController.swift */; };
		F9D0A22F1D14B03C000AB9E0 /* AppDelegate.swift in Sources */ = {isa = PBXBuildFile; fileRef = F9D0A22E1D14B03C000AB9E0 /* AppDelegate.swift */; };
		F9D0A2311D14B03C000AB9E0 /* ViewController.swift in Sources */ = {isa = PBXBuildFile; fileRef = F9D0A2301D14B03C000AB9E0 /* ViewController.swift */; };
		F9D0A2341D14B03C000AB9E0 /* Main.storyboard in Resources */ = {isa = PBXBuildFile; fileRef = F9D0A2321D14B03C000AB9E0 /* Main.storyboard */; };
		F9D0A2361D14B03C000AB9E0 /* Assets.xcassets in Resources */ = {isa = PBXBuildFile; fileRef = F9D0A2351D14B03C000AB9E0 /* Assets.xcassets */; };
		F9D0A2391D14B03C000AB9E0 /* LaunchScreen.storyboard in Resources */ = {isa = PBXBuildFile; fileRef = F9D0A2371D14B03C000AB9E0 /* LaunchScreen.storyboard */; };
/* End PBXBuildFile section */

/* Begin PBXFileReference section */
		2E0CB590AEEF27F9FEA74FD9 /* Pods-InstaClone.debug.xcconfig */ = {isa = PBXFileReference; includeInIndex = 1; lastKnownFileType = text.xcconfig; name = "Pods-InstaClone.debug.xcconfig"; path = "Pods/Target Support Files/Pods-InstaClone/Pods-InstaClone.debug.xcconfig"; sourceTree = "<group>"; };
		46EBD6081D18420D00361628 /* FBSDKCoreKit.framework */ = {isa = PBXFileReference; lastKnownFileType = wrapper.framework; name = FBSDKCoreKit.framework; path = ../../../../../FacebookSDK/FBSDKCoreKit.framework; sourceTree = "<group>"; };
		46EBD6091D18420D00361628 /* FBSDKLoginKit.framework */ = {isa = PBXFileReference; lastKnownFileType = wrapper.framework; name = FBSDKLoginKit.framework; path = ../../../../../FacebookSDK/FBSDKLoginKit.framework; sourceTree = "<group>"; };
		46EBD60A1D18420D00361628 /* FBSDKShareKit.framework */ = {isa = PBXFileReference; lastKnownFileType = wrapper.framework; name = FBSDKShareKit.framework; path = ../../../../../FacebookSDK/FBSDKShareKit.framework; sourceTree = "<group>"; };
		46EBD6381D1859B200361628 /* Login.storyboard */ = {isa = PBXFileReference; fileEncoding = 4; lastKnownFileType = file.storyboard; path = Login.storyboard; sourceTree = "<group>"; };
		46EBD63A1D1859D700361628 /* LoginViewController.swift */ = {isa = PBXFileReference; fileEncoding = 4; lastKnownFileType = sourcecode.swift; path = LoginViewController.swift; sourceTree = "<group>"; };
		46EBD63E1D18894800361628 /* PhotoDisplay.storyboard */ = {isa = PBXFileReference; fileEncoding = 4; lastKnownFileType = file.storyboard; path = PhotoDisplay.storyboard; sourceTree = "<group>"; };
		46EBD6401D18895C00361628 /* PhotoDisplayViewController.swift */ = {isa = PBXFileReference; fileEncoding = 4; lastKnownFileType = sourcecode.swift; path = PhotoDisplayViewController.swift; sourceTree = "<group>"; };
		46EBD6421D18AE2B00361628 /* CreateAccountViewController.swift */ = {isa = PBXFileReference; fileEncoding = 4; lastKnownFileType = sourcecode.swift; path = CreateAccountViewController.swift; sourceTree = "<group>"; };
		46EBD6461D19943200361628 /* GoogleService-Info.plist */ = {isa = PBXFileReference; fileEncoding = 4; lastKnownFileType = text.plist.xml; path = "GoogleService-Info.plist"; sourceTree = "<group>"; };
		46EBD6481D19A17600361628 /* ProfileViewController.swift */ = {isa = PBXFileReference; fileEncoding = 4; lastKnownFileType = sourcecode.swift; path = ProfileViewController.swift; sourceTree = "<group>"; };
		5F0C00DD1D19FDA800784A03 /* CameraViewController.swift */ = {isa = PBXFileReference; fileEncoding = 4; lastKnownFileType = sourcecode.swift; path = CameraViewController.swift; sourceTree = "<group>"; };
		5F0C00DF1D1A07D000784A03 /* FilterChoiceViewController.swift */ = {isa = PBXFileReference; fileEncoding = 4; lastKnownFileType = sourcecode.swift; path = FilterChoiceViewController.swift; sourceTree = "<group>"; };
		5F0C00E11D1A1DF300784A03 /* FiltersList.swift */ = {isa = PBXFileReference; fileEncoding = 4; lastKnownFileType = sourcecode.swift; path = FiltersList.swift; sourceTree = "<group>"; };
		5F0C00E31D1A24CD00784A03 /* FilterCollectionViewCell.swift */ = {isa = PBXFileReference; fileEncoding = 4; lastKnownFileType = sourcecode.swift; path = FilterCollectionViewCell.swift; sourceTree = "<group>"; };
		5F47A5BC1D1AF38B001EAFCA /* NewPostViewController.swift */ = {isa = PBXFileReference; fileEncoding = 4; lastKnownFileType = sourcecode.swift; path = NewPostViewController.swift; sourceTree = "<group>"; };
		5F635C111D1C6A6800C6A801 /* FilterChoice2ViewController.swift */ = {isa = PBXFileReference; fileEncoding = 4; lastKnownFileType = sourcecode.swift; path = FilterChoice2ViewController.swift; sourceTree = "<group>"; };
		8C62700FCD6F5829A58205A1 /* Pods_InstaClone.framework */ = {isa = PBXFileReference; explicitFileType = wrapper.framework; includeInIndex = 0; path = Pods_InstaClone.framework; sourceTree = BUILT_PRODUCTS_DIR; };
		A4A103523C9F25AB142A66E3 /* Pods-InstaClone.release.xcconfig */ = {isa = PBXFileReference; includeInIndex = 1; lastKnownFileType = text.xcconfig; name = "Pods-InstaClone.release.xcconfig"; path = "Pods/Target Support Files/Pods-InstaClone/Pods-InstaClone.release.xcconfig"; sourceTree = "<group>"; };
		F967A4D31D179BF6003C5BAC /* FeedViewController.swift */ = {isa = PBXFileReference; fileEncoding = 4; lastKnownFileType = sourcecode.swift; path = FeedViewController.swift; sourceTree = "<group>"; };
		F97477541D184F8C001094DB /* FeedTableViewCell.swift */ = {isa = PBXFileReference; fileEncoding = 4; lastKnownFileType = sourcecode.swift; path = FeedTableViewCell.swift; sourceTree = "<group>"; };
		F9B48F881D18766C0031C5FC /* Post.swift */ = {isa = PBXFileReference; fileEncoding = 4; lastKnownFileType = sourcecode.swift; path = Post.swift; sourceTree = "<group>"; };
		F9B48F941D1A09020031C5FC /* AccountViewController.swift */ = {isa = PBXFileReference; fileEncoding = 4; lastKnownFileType = sourcecode.swift; path = AccountViewController.swift; sourceTree = "<group>"; };
		F9B48F961D1A23220031C5FC /* ProfileCollectionViewCell.swift */ = {isa = PBXFileReference; fileEncoding = 4; lastKnownFileType = sourcecode.swift; path = ProfileCollectionViewCell.swift; sourceTree = "<group>"; };
		F9B48F981D1AD5090031C5FC /* User.swift */ = {isa = PBXFileReference; fileEncoding = 4; lastKnownFileType = sourcecode.swift; path = User.swift; sourceTree = "<group>"; };
		F9B48F9B1D1B877C0031C5FC /* SearchViewController.swift */ = {isa = PBXFileReference; fileEncoding = 4; lastKnownFileType = sourcecode.swift; path = SearchViewController.swift; sourceTree = "<group>"; };
		F9B48F9D1D1B89D90031C5FC /* SearchCollectionViewCell.swift */ = {isa = PBXFileReference; fileEncoding = 4; lastKnownFileType = sourcecode.swift; path = SearchCollectionViewCell.swift; sourceTree = "<group>"; };
		F9D0A22B1D14B03B000AB9E0 /* InstaClone.app */ = {isa = PBXFileReference; explicitFileType = wrapper.application; includeInIndex = 0; path = InstaClone.app; sourceTree = BUILT_PRODUCTS_DIR; };
		F9D0A22E1D14B03C000AB9E0 /* AppDelegate.swift */ = {isa = PBXFileReference; lastKnownFileType = sourcecode.swift; path = AppDelegate.swift; sourceTree = "<group>"; };
		F9D0A2301D14B03C000AB9E0 /* ViewController.swift */ = {isa = PBXFileReference; lastKnownFileType = sourcecode.swift; path = ViewController.swift; sourceTree = "<group>"; };
		F9D0A2331D14B03C000AB9E0 /* Base */ = {isa = PBXFileReference; lastKnownFileType = file.storyboard; name = Base; path = Base.lproj/Main.storyboard; sourceTree = "<group>"; };
		F9D0A2351D14B03C000AB9E0 /* Assets.xcassets */ = {isa = PBXFileReference; lastKnownFileType = folder.assetcatalog; path = Assets.xcassets; sourceTree = "<group>"; };
		F9D0A2381D14B03C000AB9E0 /* Base */ = {isa = PBXFileReference; lastKnownFileType = file.storyboard; name = Base; path = Base.lproj/LaunchScreen.storyboard; sourceTree = "<group>"; };
		F9D0A23A1D14B03C000AB9E0 /* Info.plist */ = {isa = PBXFileReference; lastKnownFileType = text.plist.xml; path = Info.plist; sourceTree = "<group>"; };
/* End PBXFileReference section */

/* Begin PBXFrameworksBuildPhase section */
		F9D0A2281D14B03B000AB9E0 /* Frameworks */ = {
			isa = PBXFrameworksBuildPhase;
			buildActionMask = 2147483647;
			files = (
				46EBD60D1D18420D00361628 /* FBSDKShareKit.framework in Frameworks */,
				134446788D9ABBDAB212652E /* Pods_InstaClone.framework in Frameworks */,
				46EBD60B1D18420D00361628 /* FBSDKCoreKit.framework in Frameworks */,
				46EBD60C1D18420D00361628 /* FBSDKLoginKit.framework in Frameworks */,
			);
			runOnlyForDeploymentPostprocessing = 0;
		};
/* End PBXFrameworksBuildPhase section */

/* Begin PBXGroup section */
		700ADDAEEB9901D2B16DE204 /* Frameworks */ = {
			isa = PBXGroup;
			children = (
				46EBD6081D18420D00361628 /* FBSDKCoreKit.framework */,
				46EBD6091D18420D00361628 /* FBSDKLoginKit.framework */,
				46EBD60A1D18420D00361628 /* FBSDKShareKit.framework */,
				8C62700FCD6F5829A58205A1 /* Pods_InstaClone.framework */,
			);
			name = Frameworks;
			sourceTree = "<group>";
		};
		F967A4CC1D173C65003C5BAC /* Feed Files */ = {
			isa = PBXGroup;
			children = (
				F967A4D31D179BF6003C5BAC /* FeedViewController.swift */,
				F97477541D184F8C001094DB /* FeedTableViewCell.swift */,
			);
			name = "Feed Files";
			sourceTree = "<group>";
		};
		F9B48F8C1D19E44A0031C5FC /* Login */ = {
			isa = PBXGroup;
			children = (
				46EBD6421D18AE2B00361628 /* CreateAccountViewController.swift */,
				46EBD6381D1859B200361628 /* Login.storyboard */,
			);
			name = Login;
			sourceTree = "<group>";
		};
		F9B48F931D1A03310031C5FC /* Profile Files */ = {
			isa = PBXGroup;
			children = (
				F9B48F961D1A23220031C5FC /* ProfileCollectionViewCell.swift */,
				F9B48F941D1A09020031C5FC /* AccountViewController.swift */,
			);
			name = "Profile Files";
			sourceTree = "<group>";
		};
		F9B48F9A1D1B87550031C5FC /* Search Files */ = {
			isa = PBXGroup;
			children = (
				F9B48F9B1D1B877C0031C5FC /* SearchViewController.swift */,
				F9B48F9D1D1B89D90031C5FC /* SearchCollectionViewCell.swift */,
			);
			name = "Search Files";
			sourceTree = "<group>";
		};
		F9D0A2221D14B03B000AB9E0 = {
			isa = PBXGroup;
			children = (
				F9D0A22D1D14B03C000AB9E0 /* InstaClone */,
				F9D0A22C1D14B03B000AB9E0 /* Products */,
				FD92001952A35D929605E347 /* Pods */,
				700ADDAEEB9901D2B16DE204 /* Frameworks */,
			);
			sourceTree = "<group>";
		};
		F9D0A22C1D14B03B000AB9E0 /* Products */ = {
			isa = PBXGroup;
			children = (
				F9D0A22B1D14B03B000AB9E0 /* InstaClone.app */,
			);
			name = Products;
			sourceTree = "<group>";
		};
		F9D0A22D1D14B03C000AB9E0 /* InstaClone */ = {
			isa = PBXGroup;
			children = (
				F9D0A22E1D14B03C000AB9E0 /* AppDelegate.swift */,
				F9B48F881D18766C0031C5FC /* Post.swift */,
				F9B48F981D1AD5090031C5FC /* User.swift */,
				F9B48F9A1D1B87550031C5FC /* Search Files */,
				F9B48F8C1D19E44A0031C5FC /* Login */,
				F967A4CC1D173C65003C5BAC /* Feed Files */,
				F9B48F931D1A03310031C5FC /* Profile Files */,
				F9D0A2301D14B03C000AB9E0 /* ViewController.swift */,
				46EBD63A1D1859D700361628 /* LoginViewController.swift */,
				5F0C00E11D1A1DF300784A03 /* FiltersList.swift */,
				F9D0A2321D14B03C000AB9E0 /* Main.storyboard */,
				5F47A5BC1D1AF38B001EAFCA /* NewPostViewController.swift */,
				5F0C00E31D1A24CD00784A03 /* FilterCollectionViewCell.swift */,
				5F0C00DF1D1A07D000784A03 /* FilterChoiceViewController.swift */,
				5F635C111D1C6A6800C6A801 /* FilterChoice2ViewController.swift */,
				5F0C00DD1D19FDA800784A03 /* CameraViewController.swift */,
				46EBD6481D19A17600361628 /* ProfileViewController.swift */,
				46EBD63E1D18894800361628 /* PhotoDisplay.storyboard */,
				46EBD6401D18895C00361628 /* PhotoDisplayViewController.swift */,
				F9D0A2351D14B03C000AB9E0 /* Assets.xcassets */,
				F9D0A2371D14B03C000AB9E0 /* LaunchScreen.storyboard */,
				F9D0A23A1D14B03C000AB9E0 /* Info.plist */,
				46EBD6461D19943200361628 /* GoogleService-Info.plist */,
			);
			path = InstaClone;
			sourceTree = "<group>";
		};
		FD92001952A35D929605E347 /* Pods */ = {
			isa = PBXGroup;
			children = (
				2E0CB590AEEF27F9FEA74FD9 /* Pods-InstaClone.debug.xcconfig */,
				A4A103523C9F25AB142A66E3 /* Pods-InstaClone.release.xcconfig */,
			);
			name = Pods;
			sourceTree = "<group>";
		};
/* End PBXGroup section */

/* Begin PBXNativeTarget section */
		F9D0A22A1D14B03B000AB9E0 /* InstaClone */ = {
			isa = PBXNativeTarget;
			buildConfigurationList = F9D0A23D1D14B03C000AB9E0 /* Build configuration list for PBXNativeTarget "InstaClone" */;
			buildPhases = (
				85D096016992DEE021FD97ED /* [CP] Check Pods Manifest.lock */,
				F9D0A2271D14B03B000AB9E0 /* Sources */,
				F9D0A2281D14B03B000AB9E0 /* Frameworks */,
				F9D0A2291D14B03B000AB9E0 /* Resources */,
				253FBA9E1F99E8BE10E7F058 /* [CP] Embed Pods Frameworks */,
				BCA12F1E3A39EBA79149BC23 /* [CP] Copy Pods Resources */,
			);
			buildRules = (
			);
			dependencies = (
			);
			name = InstaClone;
			productName = InstaClone;
			productReference = F9D0A22B1D14B03B000AB9E0 /* InstaClone.app */;
			productType = "com.apple.product-type.application";
		};
/* End PBXNativeTarget section */

/* Begin PBXProject section */
		F9D0A2231D14B03B000AB9E0 /* Project object */ = {
			isa = PBXProject;
			attributes = {
				LastSwiftUpdateCheck = 0730;
				LastUpgradeCheck = 0730;
				ORGANIZATIONNAME = "Caleb Talbot";
				TargetAttributes = {
					F9D0A22A1D14B03B000AB9E0 = {
						CreatedOnToolsVersion = 7.3.1;
					};
				};
			};
			buildConfigurationList = F9D0A2261D14B03B000AB9E0 /* Build configuration list for PBXProject "InstaClone" */;
			compatibilityVersion = "Xcode 3.2";
			developmentRegion = English;
			hasScannedForEncodings = 0;
			knownRegions = (
				en,
				Base,
			);
			mainGroup = F9D0A2221D14B03B000AB9E0;
			productRefGroup = F9D0A22C1D14B03B000AB9E0 /* Products */;
			projectDirPath = "";
			projectRoot = "";
			targets = (
				F9D0A22A1D14B03B000AB9E0 /* InstaClone */,
			);
		};
/* End PBXProject section */

/* Begin PBXResourcesBuildPhase section */
		F9D0A2291D14B03B000AB9E0 /* Resources */ = {
			isa = PBXResourcesBuildPhase;
			buildActionMask = 2147483647;
			files = (
				46EBD63F1D18894800361628 /* PhotoDisplay.storyboard in Resources */,
				46EBD6471D19943200361628 /* GoogleService-Info.plist in Resources */,
				F9D0A2391D14B03C000AB9E0 /* LaunchScreen.storyboard in Resources */,
				F9D0A2361D14B03C000AB9E0 /* Assets.xcassets in Resources */,
				46EBD6391D1859B200361628 /* Login.storyboard in Resources */,
				F9D0A2341D14B03C000AB9E0 /* Main.storyboard in Resources */,
			);
			runOnlyForDeploymentPostprocessing = 0;
		};
/* End PBXResourcesBuildPhase section */

/* Begin PBXShellScriptBuildPhase section */
		253FBA9E1F99E8BE10E7F058 /* [CP] Embed Pods Frameworks */ = {
			isa = PBXShellScriptBuildPhase;
			buildActionMask = 2147483647;
			files = (
			);
			inputPaths = (
			);
			name = "[CP] Embed Pods Frameworks";
			outputPaths = (
			);
			runOnlyForDeploymentPostprocessing = 0;
			shellPath = /bin/sh;
			shellScript = "\"${SRCROOT}/Pods/Target Support Files/Pods-InstaClone/Pods-InstaClone-frameworks.sh\"\n";
			showEnvVarsInLog = 0;
		};
		85D096016992DEE021FD97ED /* [CP] Check Pods Manifest.lock */ = {
			isa = PBXShellScriptBuildPhase;
			buildActionMask = 2147483647;
			files = (
			);
			inputPaths = (
			);
			name = "[CP] Check Pods Manifest.lock";
			outputPaths = (
			);
			runOnlyForDeploymentPostprocessing = 0;
			shellPath = /bin/sh;
			shellScript = "diff \"${PODS_ROOT}/../Podfile.lock\" \"${PODS_ROOT}/Manifest.lock\" > /dev/null\nif [[ $? != 0 ]] ; then\n    cat << EOM\nerror: The sandbox is not in sync with the Podfile.lock. Run 'pod install' or update your CocoaPods installation.\nEOM\n    exit 1\nfi\n";
			showEnvVarsInLog = 0;
		};
		BCA12F1E3A39EBA79149BC23 /* [CP] Copy Pods Resources */ = {
			isa = PBXShellScriptBuildPhase;
			buildActionMask = 2147483647;
			files = (
			);
			inputPaths = (
			);
			name = "[CP] Copy Pods Resources";
			outputPaths = (
			);
			runOnlyForDeploymentPostprocessing = 0;
			shellPath = /bin/sh;
			shellScript = "\"${SRCROOT}/Pods/Target Support Files/Pods-InstaClone/Pods-InstaClone-resources.sh\"\n";
			showEnvVarsInLog = 0;
		};
/* End PBXShellScriptBuildPhase section */

/* Begin PBXSourcesBuildPhase section */
		F9D0A2271D14B03B000AB9E0 /* Sources */ = {
			isa = PBXSourcesBuildPhase;
			buildActionMask = 2147483647;
			files = (
				F9B48F921D19EF5D0031C5FC /* Post.swift in Sources */,
				5F635C121D1C6A6800C6A801 /* FilterChoice2ViewController.swift in Sources */,
				5F0C00DE1D19FDA800784A03 /* CameraViewController.swift in Sources */,
				F9B48F8D1D19EF170031C5FC /* FeedViewController.swift in Sources */,
				5F47A5BD1D1AF38B001EAFCA /* NewPostViewController.swift in Sources */,
				F9B48F8E1D19EF170031C5FC /* FeedTableViewCell.swift in Sources */,
				F9B48F971D1A23220031C5FC /* ProfileCollectionViewCell.swift in Sources */,
				46EBD6491D19A17600361628 /* ProfileViewController.swift in Sources */,
				46EBD6431D18AE2B00361628 /* CreateAccountViewController.swift in Sources */,
				5F0C00E01D1A07D100784A03 /* FilterChoiceViewController.swift in Sources */,
				46EBD6411D18895C00361628 /* PhotoDisplayViewController.swift in Sources */,
				F9B48F951D1A09020031C5FC /* AccountViewController.swift in Sources */,
				F9B48F9C1D1B877C0031C5FC /* SearchViewController.swift in Sources */,
				F9B48F991D1AD5090031C5FC /* User.swift in Sources */,
				46EBD63B1D1859D700361628 /* LoginViewController.swift in Sources */,
				5F0C00E21D1A1DF300784A03 /* FiltersList.swift in Sources */,
				F9D0A2311D14B03C000AB9E0 /* ViewController.swift in Sources */,
				5F0C00E41D1A24CD00784A03 /* FilterCollectionViewCell.swift in Sources */,
				F9D0A22F1D14B03C000AB9E0 /* AppDelegate.swift in Sources */,
			);
			runOnlyForDeploymentPostprocessing = 0;
		};
/* End PBXSourcesBuildPhase section */

/* Begin PBXVariantGroup section */
		F9D0A2321D14B03C000AB9E0 /* Main.storyboard */ = {
			isa = PBXVariantGroup;
			children = (
				F9D0A2331D14B03C000AB9E0 /* Base */,
			);
			name = Main.storyboard;
			sourceTree = "<group>";
		};
		F9D0A2371D14B03C000AB9E0 /* LaunchScreen.storyboard */ = {
			isa = PBXVariantGroup;
			children = (
				F9D0A2381D14B03C000AB9E0 /* Base */,
			);
			name = LaunchScreen.storyboard;
			sourceTree = "<group>";
		};
/* End PBXVariantGroup section */

/* Begin XCBuildConfiguration section */
		F9D0A23B1D14B03C000AB9E0 /* Debug */ = {
			isa = XCBuildConfiguration;
			buildSettings = {
				ALWAYS_SEARCH_USER_PATHS = NO;
				CLANG_ANALYZER_NONNULL = YES;
				CLANG_CXX_LANGUAGE_STANDARD = "gnu++0x";
				CLANG_CXX_LIBRARY = "libc++";
				CLANG_ENABLE_MODULES = YES;
				CLANG_ENABLE_OBJC_ARC = YES;
				CLANG_WARN_BOOL_CONVERSION = YES;
				CLANG_WARN_CONSTANT_CONVERSION = YES;
				CLANG_WARN_DIRECT_OBJC_ISA_USAGE = YES_ERROR;
				CLANG_WARN_EMPTY_BODY = YES;
				CLANG_WARN_ENUM_CONVERSION = YES;
				CLANG_WARN_INT_CONVERSION = YES;
				CLANG_WARN_OBJC_ROOT_CLASS = YES_ERROR;
				CLANG_WARN_UNREACHABLE_CODE = YES;
				CLANG_WARN__DUPLICATE_METHOD_MATCH = YES;
				"CODE_SIGN_IDENTITY[sdk=iphoneos*]" = "iPhone Developer";
				COPY_PHASE_STRIP = NO;
				DEBUG_INFORMATION_FORMAT = dwarf;
				ENABLE_STRICT_OBJC_MSGSEND = YES;
				ENABLE_TESTABILITY = YES;
				GCC_C_LANGUAGE_STANDARD = gnu99;
				GCC_DYNAMIC_NO_PIC = NO;
				GCC_NO_COMMON_BLOCKS = YES;
				GCC_OPTIMIZATION_LEVEL = 0;
				GCC_PREPROCESSOR_DEFINITIONS = (
					"DEBUG=1",
					"$(inherited)",
				);
				GCC_WARN_64_TO_32_BIT_CONVERSION = YES;
				GCC_WARN_ABOUT_RETURN_TYPE = YES_ERROR;
				GCC_WARN_UNDECLARED_SELECTOR = YES;
				GCC_WARN_UNINITIALIZED_AUTOS = YES_AGGRESSIVE;
				GCC_WARN_UNUSED_FUNCTION = YES;
				GCC_WARN_UNUSED_VARIABLE = YES;
				IPHONEOS_DEPLOYMENT_TARGET = 9.3;
				MTL_ENABLE_DEBUG_INFO = YES;
				ONLY_ACTIVE_ARCH = YES;
				SDKROOT = iphoneos;
				SWIFT_OPTIMIZATION_LEVEL = "-Onone";
				TARGETED_DEVICE_FAMILY = "1,2";
			};
			name = Debug;
		};
		F9D0A23C1D14B03C000AB9E0 /* Release */ = {
			isa = XCBuildConfiguration;
			buildSettings = {
				ALWAYS_SEARCH_USER_PATHS = NO;
				CLANG_ANALYZER_NONNULL = YES;
				CLANG_CXX_LANGUAGE_STANDARD = "gnu++0x";
				CLANG_CXX_LIBRARY = "libc++";
				CLANG_ENABLE_MODULES = YES;
				CLANG_ENABLE_OBJC_ARC = YES;
				CLANG_WARN_BOOL_CONVERSION = YES;
				CLANG_WARN_CONSTANT_CONVERSION = YES;
				CLANG_WARN_DIRECT_OBJC_ISA_USAGE = YES_ERROR;
				CLANG_WARN_EMPTY_BODY = YES;
				CLANG_WARN_ENUM_CONVERSION = YES;
				CLANG_WARN_INT_CONVERSION = YES;
				CLANG_WARN_OBJC_ROOT_CLASS = YES_ERROR;
				CLANG_WARN_UNREACHABLE_CODE = YES;
				CLANG_WARN__DUPLICATE_METHOD_MATCH = YES;
				"CODE_SIGN_IDENTITY[sdk=iphoneos*]" = "iPhone Developer";
				COPY_PHASE_STRIP = NO;
				DEBUG_INFORMATION_FORMAT = "dwarf-with-dsym";
				ENABLE_NS_ASSERTIONS = NO;
				ENABLE_STRICT_OBJC_MSGSEND = YES;
				GCC_C_LANGUAGE_STANDARD = gnu99;
				GCC_NO_COMMON_BLOCKS = YES;
				GCC_WARN_64_TO_32_BIT_CONVERSION = YES;
				GCC_WARN_ABOUT_RETURN_TYPE = YES_ERROR;
				GCC_WARN_UNDECLARED_SELECTOR = YES;
				GCC_WARN_UNINITIALIZED_AUTOS = YES_AGGRESSIVE;
				GCC_WARN_UNUSED_FUNCTION = YES;
				GCC_WARN_UNUSED_VARIABLE = YES;
				IPHONEOS_DEPLOYMENT_TARGET = 9.3;
				MTL_ENABLE_DEBUG_INFO = NO;
				SDKROOT = iphoneos;
				TARGETED_DEVICE_FAMILY = "1,2";
				VALIDATE_PRODUCT = YES;
			};
			name = Release;
		};
		F9D0A23E1D14B03C000AB9E0 /* Debug */ = {
			isa = XCBuildConfiguration;
			baseConfigurationReference = 2E0CB590AEEF27F9FEA74FD9 /* Pods-InstaClone.debug.xcconfig */;
			buildSettings = {
				ASSETCATALOG_COMPILER_APPICON_NAME = AppIcon;
				FRAMEWORK_SEARCH_PATHS = (
					"$(inherited)",
					"\"${PODS_ROOT}/FirebaseAnalytics/Frameworks\"",
					"\"${PODS_ROOT}/FirebaseAuth/Frameworks\"",
					"\"${PODS_ROOT}/FirebaseDatabase/Frameworks\"",
					"\"${PODS_ROOT}/FirebaseInstanceID/Frameworks\"",
					"\"${PODS_ROOT}/FirebaseStorage/Frameworks\"",
					"\"${PODS_ROOT}/GoogleInterchangeUtilities/Frameworks\"",
					"\"${PODS_ROOT}/GoogleNetworkingUtilities/Frameworks\"",
					"\"${PODS_ROOT}/GoogleSymbolUtilities/Frameworks\"",
					"\"${PODS_ROOT}/GoogleUtilities/Frameworks\"",
				);
				INFOPLIST_FILE = InstaClone/Info.plist;
				LD_RUNPATH_SEARCH_PATHS = "$(inherited) @executable_path/Frameworks";
				PRODUCT_BUNDLE_IDENTIFIER = com.caleblwoods.InstaClone;
				PRODUCT_NAME = "$(TARGET_NAME)";
			};
			name = Debug;
		};
		F9D0A23F1D14B03C000AB9E0 /* Release */ = {
			isa = XCBuildConfiguration;
			baseConfigurationReference = A4A103523C9F25AB142A66E3 /* Pods-InstaClone.release.xcconfig */;
			buildSettings = {
				ASSETCATALOG_COMPILER_APPICON_NAME = AppIcon;
				FRAMEWORK_SEARCH_PATHS = (
					"$(inherited)",
					"\"${PODS_ROOT}/FirebaseAnalytics/Frameworks\"",
					"\"${PODS_ROOT}/FirebaseAuth/Frameworks\"",
					"\"${PODS_ROOT}/FirebaseDatabase/Frameworks\"",
					"\"${PODS_ROOT}/FirebaseInstanceID/Frameworks\"",
					"\"${PODS_ROOT}/FirebaseStorage/Frameworks\"",
					"\"${PODS_ROOT}/GoogleInterchangeUtilities/Frameworks\"",
					"\"${PODS_ROOT}/GoogleNetworkingUtilities/Frameworks\"",
					"\"${PODS_ROOT}/GoogleSymbolUtilities/Frameworks\"",
					"\"${PODS_ROOT}/GoogleUtilities/Frameworks\"",
				);
				INFOPLIST_FILE = InstaClone/Info.plist;
				LD_RUNPATH_SEARCH_PATHS = "$(inherited) @executable_path/Frameworks";
				PRODUCT_BUNDLE_IDENTIFIER = com.caleblwoods.InstaClone;
				PRODUCT_NAME = "$(TARGET_NAME)";
			};
			name = Release;
		};
/* End XCBuildConfiguration section */

/* Begin XCConfigurationList section */
		F9D0A2261D14B03B000AB9E0 /* Build configuration list for PBXProject "InstaClone" */ = {
			isa = XCConfigurationList;
			buildConfigurations = (
				F9D0A23B1D14B03C000AB9E0 /* Debug */,
				F9D0A23C1D14B03C000AB9E0 /* Release */,
			);
			defaultConfigurationIsVisible = 0;
			defaultConfigurationName = Release;
		};
		F9D0A23D1D14B03C000AB9E0 /* Build configuration list for PBXNativeTarget "InstaClone" */ = {
			isa = XCConfigurationList;
			buildConfigurations = (
				F9D0A23E1D14B03C000AB9E0 /* Debug */,
				F9D0A23F1D14B03C000AB9E0 /* Release */,
			);
			defaultConfigurationIsVisible = 0;
			defaultConfigurationName = Release;
		};
/* End XCConfigurationList section */
	};
	rootObject = F9D0A2231D14B03B000AB9E0 /* Project object */;
}
